
Microsoft Visual Studio Solution File, Format Version 12.00
# Visual Studio Version 17
VisualStudioVersion = 17.4.33205.214
MinimumVisualStudioVersion = 10.0.40219.1
Project("{FAE04EC0-301F-11D3-BF4B-00C04F79EFBC}") = "HuntingGame", "HuntingGame\HuntingGame.csproj", "{176AEEAD-7C8F-4CA5-B0FD-98E260637112}"
EndProject
Global
	GlobalSection(SolutionConfigurationPlatforms) = preSolution
		Debug|Any CPU = Debug|Any CPU
		Release|Any CPU = Release|Any CPU
	EndGlobalSection
	GlobalSection(ProjectConfigurationPlatforms) = postSolution
		{176AEEAD-7C8F-4CA5-B0FD-98E260637112}.Debug|Any CPU.ActiveCfg = Debug|Any CPU
		{176AEEAD-7C8F-4CA5-B0FD-98E260637112}.Debug|Any CPU.Build.0 = Debug|Any CPU
		{176AEEAD-7C8F-4CA5-B0FD-98E260637112}.Release|Any CPU.ActiveCfg = Release|Any CPU
		{176AEEAD-7C8F-4CA5-B0FD-98E260637112}.Release|Any CPU.Build.0 = Release|Any CPU
	EndGlobalSection
	GlobalSection(SolutionProperties) = preSolution
		HideSolutionNode = FALSE
	EndGlobalSection
	GlobalSection(ExtensibilityGlobals) = postSolution
		SolutionGuid = {70057908-1CD5-4330-9FA9-1E5F1598C15A}
	EndGlobalSection
EndGlobal
